
Microsoft Visual Studio Solution File, Format Version 12.00
# Visual Studio Version 16
VisualStudioVersion = 16.0.30611.23
MinimumVisualStudioVersion = 10.0.40219.1
Project("{FAE04EC0-301F-11D3-BF4B-00C04F79EFBC}") = "Task5", "Task5.csproj", "{449EC6A5-2AC6-4BA3-980B-2505C619361C}"
EndProject
Global
	GlobalSection(SolutionConfigurationPlatforms) = preSolution
		Debug|Any CPU = Debug|Any CPU
		Release|Any CPU = Release|Any CPU
	EndGlobalSection
	GlobalSection(ProjectConfigurationPlatforms) = postSolution
		{449EC6A5-2AC6-4BA3-980B-2505C619361C}.Debug|Any CPU.ActiveCfg = Debug|Any CPU
		{449EC6A5-2AC6-4BA3-980B-2505C619361C}.Debug|Any CPU.Build.0 = Debug|Any CPU
		{449EC6A5-2AC6-4BA3-980B-2505C619361C}.Release|Any CPU.ActiveCfg = Release|Any CPU
		{449EC6A5-2AC6-4BA3-980B-2505C619361C}.Release|Any CPU.Build.0 = Release|Any CPU
	EndGlobalSection
	GlobalSection(SolutionProperties) = preSolution
		HideSolutionNode = FALSE
	EndGlobalSection
	GlobalSection(ExtensibilityGlobals) = postSolution
		SolutionGuid = {7038B66F-243F-4D98-B27A-396F57D473C3}
	EndGlobalSection
EndGlobal
